<?xml version="1.0" encoding="utf-8"?>
<Project ToolsVersion="4.0" xmlns="http://schemas.microsoft.com/developer/msbuild/2003">
  <ItemGroup>
    <Filter Include="Source Files">
      <UniqueIdentifier>{4FC737F1-C7A5-4376-A066-2A32D752A2FF}</UniqueIdentifier>
      <Extensions>cpp;c;cc;cxx;c++;cppm;ixx;def;odl;idl;hpj;bat;asm;asmx</Extensions>
    </Filter>
    <Filter Include="Header Files">
      <UniqueIdentifier>{93995380-89BD-4b04-88EB-625FBE52EBFB}</UniqueIdentifier>
      <Extensions>h;hh;hpp;hxx;h++;hm;inl;inc;ipp;xsd</Extensions>
    </Filter>
    <Filter Include="Resource Files">
      <UniqueIdentifier>{67DA6AB6-F800-4c08-8B7A-83BB121AAD01}</UniqueIdentifier>
      <Extensions>rc;ico;cur;bmp;dlg;rc2;rct;bin;rgs;gif;jpg;jpeg;jpe;resx;tiff;tif;png;wav;mfcribbon-ms</Extensions>
    </Filter>
  </ItemGroup>
  <ItemGroup>
    <ClInclude Include="src\reverse_string.h">
      <Filter>Header Files</Filter>
    </ClInclude>
    <ClInclude Include="src\two_fer.h">
      <Filter>Header Files</Filter>
    </ClInclude>
    <ClInclude Include="src\pangram.h">
      <Filter>Header Files</Filter>
    </ClInclude>
    <ClInclude Include="src\grains.h">
      <Filter>Header Files</Filter>
    </ClInclude>
    <ClInclude Include="src\difference_of_squares.h">
      <Filter>Header Files</Filter>
    </ClInclude>
    <ClInclude Include="src\sieve.h">
      <Filter>Header Files</Filter>
    </ClInclude>
    <ClInclude Include="src\hexadecimal.h">
      <Filter>Header Files</Filter>
    </ClInclude>
    <ClInclude Include="src\isogram.h">
      <Filter>Header Files</Filter>
    </ClInclude>
    <ClInclude Include="src\matching_brackets.h">
      <Filter>Header Files</Filter>
    </ClInclude>
    <ClInclude Include="src\scrabble_score.h">
      <Filter>Header Files</Filter>
    </ClInclude>
    <ClInclude Include="src\sum_of_multiples.h">
      <Filter>Header Files</Filter>
    </ClInclude>
    <ClInclude Include="src\protein_translation.h">
      <Filter>Header Files</Filter>
    </ClInclude>
    <ClInclude Include="src\pascal_triangle.h">
      <Filter>Header Files</Filter>
    </ClInclude>
    <ClInclude Include="src\rna_transcription.h">
      <Filter>Header Files</Filter>
    </ClInclude>
    <ClInclude Include="src\space_age.h">
      <Filter>Header Files</Filter>
    </ClInclude>
    <ClInclude Include="src\triangle.h">
      <Filter>Header Files</Filter>
    </ClInclude>
    <ClInclude Include="src\armstrong_numbers.h">
      <Filter>Header Files</Filter>
    </ClInclude>
    <ClInclude Include="src\darts.h">
      <Filter>Header Files</Filter>
    </ClInclude>
    <ClInclude Include="src\nucleotide_count.h">
      <Filter>Header Files</Filter>
    </ClInclude>
    <ClInclude Include="src\isbn_verifier.h">
      <Filter>Header Files</Filter>
    </ClInclude>
    <ClInclude Include="src\raindrops.h">
      <Filter>Header Files</Filter>
    </ClInclude>
    <ClInclude Include="src\grade_school.h">
      <Filter>Header Files</Filter>
    </ClInclude>
    <ClInclude Include="src\hamming.h">
      <Filter>Header Files</Filter>
    </ClInclude>
    <ClInclude Include="src\collatz_conjecture.h">
      <Filter>Header Files</Filter>
    </ClInclude>
    <ClInclude Include="src\secret_handshake.h">
      <Filter>Header Files</Filter>
    </ClInclude>
    <ClInclude Include="src\allergies.h">
      <Filter>Header Files</Filter>
    </ClInclude>
    <ClInclude Include="src\atbash_cipher.h">
      <Filter>Header Files</Filter>
    </ClInclude>
    <ClInclude Include="src\complex_numbers.h">
      <Filter>Header Files</Filter>
    </ClInclude>
    <ClInclude Include="src\luhn.h">
      <Filter>Header Files</Filter>
    </ClInclude>
    <ClInclude Include="src\etl.h">
      <Filter>Header Files</Filter>
    </ClInclude>
    <ClInclude Include="src\all_your_base.h">
      <Filter>Header Files</Filter>
    </ClInclude>
    <ClInclude Include="src\robot_simulator.h">
      <Filter>Header Files</Filter>
    </ClInclude>
    <ClInclude Include="src\roman_numerals.h">
      <Filter>Header Files</Filter>
    </ClInclude>
    <ClInclude Include="src\robot_name.h">
      <Filter>Header Files</Filter>
    </ClInclude>
    <ClInclude Include="src\nth_prime.h">
      <Filter>Header Files</Filter>
    </ClInclude>
    <ClInclude Include="src\queen_attack.h">
      <Filter>Header Files</Filter>
    </ClInclude>
    <ClInclude Include="src\phone_number.h">
      <Filter>Header Files</Filter>
    </ClInclude>
    <ClInclude Include="src\crypto_square.h">
      <Filter>Header Files</Filter>
    </ClInclude>
    <ClInclude Include="src\series.h">
      <Filter>Header Files</Filter>
    </ClInclude>
    <ClInclude Include="src\prime_factors.h">
      <Filter>Header Files</Filter>
    </ClInclude>
    <ClInclude Include="src\circular_buffer.h">
      <Filter>Header Files</Filter>
    </ClInclude>
  </ItemGroup>
  <ItemGroup>
    <ClCompile Include="src\reverse_string.cpp">
      <Filter>Source Files</Filter>
    </ClCompile>
    <ClCompile Include="src\two_fer.cpp">
      <Filter>Source Files</Filter>
    </ClCompile>
    <ClCompile Include="src\pangram.cpp">
      <Filter>Source Files</Filter>
    </ClCompile>
    <ClCompile Include="src\grains.cpp">
      <Filter>Source Files</Filter>
    </ClCompile>
    <ClCompile Include="src\difference_of_squares.cpp">
      <Filter>Source Files</Filter>
    </ClCompile>
    <ClCompile Include="src\sieve.cpp">
      <Filter>Source Files</Filter>
    </ClCompile>
    <ClCompile Include="src\hexadecimal.cpp">
      <Filter>Source Files</Filter>
    </ClCompile>
    <ClCompile Include="src\isogram.cpp">
      <Filter>Source Files</Filter>
    </ClCompile>
    <ClCompile Include="src\matching_brackets.cpp">
      <Filter>Source Files</Filter>
    </ClCompile>
    <ClCompile Include="src\scrabble_score.cpp">
      <Filter>Source Files</Filter>
    </ClCompile>
    <ClCompile Include="src\sum_of_multiples.cpp">
      <Filter>Source Files</Filter>
    </ClCompile>
    <ClCompile Include="src\protein_translation.cpp">
      <Filter>Source Files</Filter>
    </ClCompile>
    <ClCompile Include="src\pascal_triangle.cpp">
      <Filter>Source Files</Filter>
    </ClCompile>
    <ClCompile Include="src\rna_transcription.cpp">
      <Filter>Source Files</Filter>
    </ClCompile>
    <ClCompile Include="src\space_age.cpp">
      <Filter>Source Files</Filter>
    </ClCompile>
    <ClCompile Include="src\triangle.cpp">
      <Filter>Source Files</Filter>
    </ClCompile>
    <ClCompile Include="src\armstrong_numbers.cpp">
      <Filter>Source Files</Filter>
    </ClCompile>
    <ClCompile Include="src\darts.cpp">
      <Filter>Source Files</Filter>
    </ClCompile>
    <ClCompile Include="src\nucleotide_count.cpp">
      <Filter>Source Files</Filter>
    </ClCompile>
    <ClCompile Include="src\isbn_verifier.cpp">
      <Filter>Source Files</Filter>
    </ClCompile>
    <ClCompile Include="src\raindrops.cpp">
      <Filter>Source Files</Filter>
    </ClCompile>
    <ClCompile Include="src\grade_school.cpp">
      <Filter>Source Files</Filter>
    </ClCompile>
    <ClCompile Include="src\hamning.cpp">
      <Filter>Source Files</Filter>
    </ClCompile>
    <ClCompile Include="src\collatz_conjecture.cpp">
      <Filter>Source Files</Filter>
    </ClCompile>
    <ClCompile Include="src\secret_handshake.cpp">
      <Filter>Source Files</Filter>
    </ClCompile>
    <ClCompile Include="src\allergies.cpp">
      <Filter>Source Files</Filter>
    </ClCompile>
    <ClCompile Include="src\atbash_cipher.cpp">
      <Filter>Source Files</Filter>
    </ClCompile>
    <ClCompile Include="src\complex_numbers.cpp">
      <Filter>Source Files</Filter>
    </ClCompile>
    <ClCompile Include="src\luhn.cpp">
      <Filter>Source Files</Filter>
    </ClCompile>
    <ClCompile Include="src\etl.cpp">
      <Filter>Source Files</Filter>
    </ClCompile>
    <ClCompile Include="src\all_your_base.cpp">
      <Filter>Source Files</Filter>
    </ClCompile>
    <ClCompile Include="src\robot_simulator.cpp">
      <Filter>Source Files</Filter>
    </ClCompile>
    <ClCompile Include="src\roman_numerals.cpp">
      <Filter>Source Files</Filter>
    </ClCompile>
    <ClCompile Include="src\robot_name.cpp">
      <Filter>Source Files</Filter>
    </ClCompile>
    <ClCompile Include="src\nth_prime.cpp">
      <Filter>Source Files</Filter>
    </ClCompile>
    <ClCompile Include="src\queen_attack.cpp">
      <Filter>Source Files</Filter>
    </ClCompile>
    <ClCompile Include="src\phone_number.cpp">
      <Filter>Source Files</Filter>
    </ClCompile>
    <ClCompile Include="src\crypto_square.cpp">
      <Filter>Source Files</Filter>
    </ClCompile>
    <ClCompile Include="src\series.cpp">
      <Filter>Source Files</Filter>
    </ClCompile>
    <ClCompile Include="src\prime_factors.cpp">
      <Filter>Source Files</Filter>
    </ClCompile>
    <ClCompile Include="src\circular_buffer.cpp">
      <Filter>Source Files</Filter>
    </ClCompile>
  </ItemGroup>
</Project>